
Microsoft Visual Studio Solution File, Format Version 12.00
# Visual Studio Version 16
VisualStudioVersion = 16.0.29613.14
MinimumVisualStudioVersion = 10.0.40219.1
Project("{FAE04EC0-301F-11D3-BF4B-00C04F79EFBC}") = "App_Celulas.UWP", "App_Celulas\App_Celulas.UWP\App_Celulas.UWP.csproj", "{2AE4A7F5-2F17-4347-A316-48346A0FD5E1}"
EndProject
Project("{FAE04EC0-301F-11D3-BF4B-00C04F79EFBC}") = "App_Celulas.Android", "App_Celulas\App_Celulas.Android\App_Celulas.Android.csproj", "{E3A9E7C1-025E-4FB7-8A68-8C3C16392F27}"
EndProject
Project("{FAE04EC0-301F-11D3-BF4B-00C04F79EFBC}") = "App_Celulas.iOS", "App_Celulas\App_Celulas.iOS\App_Celulas.iOS.csproj", "{F74F4DC1-2AE6-42C3-B8FA-175D9337AE36}"
EndProject
Project("{FAE04EC0-301F-11D3-BF4B-00C04F79EFBC}") = "App_Celulas", "App_Celulas\App_Celulas\App_Celulas.csproj", "{A6C29783-1817-40CE-AF0B-F0E6159C598D}"
EndProject
Global
	GlobalSection(SolutionConfigurationPlatforms) = preSolution
		Debug|Any CPU = Debug|Any CPU
		Debug|ARM = Debug|ARM
		Debug|iPhone = Debug|iPhone
		Debug|iPhoneSimulator = Debug|iPhoneSimulator
		Debug|x64 = Debug|x64
		Debug|x86 = Debug|x86
		Release|Any CPU = Release|Any CPU
		Release|ARM = Release|ARM
		Release|iPhone = Release|iPhone
		Release|iPhoneSimulator = Release|iPhoneSimulator
		Release|x64 = Release|x64
		Release|x86 = Release|x86
	EndGlobalSection
	GlobalSection(ProjectConfigurationPlatforms) = postSolution
		{2AE4A7F5-2F17-4347-A316-48346A0FD5E1}.Debug|Any CPU.ActiveCfg = Debug|x86
		{2AE4A7F5-2F17-4347-A316-48346A0FD5E1}.Debug|Any CPU.Build.0 = Debug|x86
		{2AE4A7F5-2F17-4347-A316-48346A0FD5E1}.Debug|Any CPU.Deploy.0 = Debug|x86
		{2AE4A7F5-2F17-4347-A316-48346A0FD5E1}.Debug|ARM.ActiveCfg = Debug|ARM
		{2AE4A7F5-2F17-4347-A316-48346A0FD5E1}.Debug|ARM.Build.0 = Debug|ARM
		{2AE4A7F5-2F17-4347-A316-48346A0FD5E1}.Debug|ARM.Deploy.0 = Debug|ARM
		{2AE4A7F5-2F17-4347-A316-48346A0FD5E1}.Debug|iPhone.ActiveCfg = Debug|x86
		{2AE4A7F5-2F17-4347-A316-48346A0FD5E1}.Debug|iPhone.Build.0 = Debug|x86
		{2AE4A7F5-2F17-4347-A316-48346A0FD5E1}.Debug|iPhone.Deploy.0 = Debug|x86
		{2AE4A7F5-2F17-4347-A316-48346A0FD5E1}.Debug|iPhoneSimulator.ActiveCfg = Debug|x86
		{2AE4A7F5-2F17-4347-A316-48346A0FD5E1}.Debug|iPhoneSimulator.Build.0 = Debug|x86
		{2AE4A7F5-2F17-4347-A316-48346A0FD5E1}.Debug|iPhoneSimulator.Deploy.0 = Debug|x86
		{2AE4A7F5-2F17-4347-A316-48346A0FD5E1}.Debug|x64.ActiveCfg = Debug|x64
		{2AE4A7F5-2F17-4347-A316-48346A0FD5E1}.Debug|x64.Build.0 = Debug|x64
		{2AE4A7F5-2F17-4347-A316-48346A0FD5E1}.Debug|x64.Deploy.0 = Debug|x64
		{2AE4A7F5-2F17-4347-A316-48346A0FD5E1}.Debug|x86.ActiveCfg = Debug|x86
		{2AE4A7F5-2F17-4347-A316-48346A0FD5E1}.Debug|x86.Build.0 = Debug|x86
		{2AE4A7F5-2F17-4347-A316-48346A0FD5E1}.Debug|x86.Deploy.0 = Debug|x86
		{2AE4A7F5-2F17-4347-A316-48346A0FD5E1}.Release|Any CPU.ActiveCfg = Release|x86
		{2AE4A7F5-2F17-4347-A316-48346A0FD5E1}.Release|Any CPU.Build.0 = Release|x86
		{2AE4A7F5-2F17-4347-A316-48346A0FD5E1}.Release|Any CPU.Deploy.0 = Release|x86
		{2AE4A7F5-2F17-4347-A316-48346A0FD5E1}.Release|ARM.ActiveCfg = Release|ARM
		{2AE4A7F5-2F17-4347-A316-48346A0FD5E1}.Release|ARM.Build.0 = Release|ARM
		{2AE4A7F5-2F17-4347-A316-48346A0FD5E1}.Release|ARM.Deploy.0 = Release|ARM
		{2AE4A7F5-2F17-4347-A316-48346A0FD5E1}.Release|iPhone.ActiveCfg = Release|x86
		{2AE4A7F5-2F17-4347-A316-48346A0FD5E1}.Release|iPhone.Build.0 = Release|x86
		{2AE4A7F5-2F17-4347-A316-48346A0FD5E1}.Release|iPhone.Deploy.0 = Release|x86
		{2AE4A7F5-2F17-4347-A316-48346A0FD5E1}.Release|iPhoneSimulator.ActiveCfg = Release|x86
		{2AE4A7F5-2F17-4347-A316-48346A0FD5E1}.Release|iPhoneSimulator.Build.0 = Release|x86
		{2AE4A7F5-2F17-4347-A316-48346A0FD5E1}.Release|iPhoneSimulator.Deploy.0 = Release|x86
		{2AE4A7F5-2F17-4347-A316-48346A0FD5E1}.Release|x64.ActiveCfg = Release|x64
		{2AE4A7F5-2F17-4347-A316-48346A0FD5E1}.Release|x64.Build.0 = Release|x64
		{2AE4A7F5-2F17-4347-A316-48346A0FD5E1}.Release|x64.Deploy.0 = Release|x64
		{2AE4A7F5-2F17-4347-A316-48346A0FD5E1}.Release|x86.ActiveCfg = Release|x86
		{2AE4A7F5-2F17-4347-A316-48346A0FD5E1}.Release|x86.Build.0 = Release|x86
		{2AE4A7F5-2F17-4347-A316-48346A0FD5E1}.Release|x86.Deploy.0 = Release|x86
		{E3A9E7C1-025E-4FB7-8A68-8C3C16392F27}.Debug|Any CPU.ActiveCfg = Debug|Any CPU
		{E3A9E7C1-025E-4FB7-8A68-8C3C16392F27}.Debug|Any CPU.Build.0 = Debug|Any CPU
		{E3A9E7C1-025E-4FB7-8A68-8C3C16392F27}.Debug|Any CPU.Deploy.0 = Debug|Any CPU
		{E3A9E7C1-025E-4FB7-8A68-8C3C16392F27}.Debug|ARM.ActiveCfg = Debug|Any CPU
		{E3A9E7C1-025E-4FB7-8A68-8C3C16392F27}.Debug|ARM.Build.0 = Debug|Any CPU
		{E3A9E7C1-025E-4FB7-8A68-8C3C16392F27}.Debug|ARM.Deploy.0 = Debug|Any CPU
		{E3A9E7C1-025E-4FB7-8A68-8C3C16392F27}.Debug|iPhone.ActiveCfg = Debug|Any CPU
		{E3A9E7C1-025E-4FB7-8A68-8C3C16392F27}.Debug|iPhone.Build.0 = Debug|Any CPU
		{E3A9E7C1-025E-4FB7-8A68-8C3C16392F27}.Debug|iPhone.Deploy.0 = Debug|Any CPU
		{E3A9E7C1-025E-4FB7-8A68-8C3C16392F27}.Debug|iPhoneSimulator.ActiveCfg = Debug|Any CPU
		{E3A9E7C1-025E-4FB7-8A68-8C3C16392F27}.Debug|iPhoneSimulator.Build.0 = Debug|Any CPU
		{E3A9E7C1-025E-4FB7-8A68-8C3C16392F27}.Debug|iPhoneSimulator.Deploy.0 = Debug|Any CPU
		{E3A9E7C1-025E-4FB7-8A68-8C3C16392F27}.Debug|x64.ActiveCfg = Debug|Any CPU
		{E3A9E7C1-025E-4FB7-8A68-8C3C16392F27}.Debug|x64.Build.0 = Debug|Any CPU
		{E3A9E7C1-025E-4FB7-8A68-8C3C16392F27}.Debug|x64.Deploy.0 = Debug|Any CPU
		{E3A9E7C1-025E-4FB7-8A68-8C3C16392F27}.Debug|x86.ActiveCfg = Debug|Any CPU
		{E3A9E7C1-025E-4FB7-8A68-8C3C16392F27}.Debug|x86.Build.0 = Debug|Any CPU
		{E3A9E7C1-025E-4FB7-8A68-8C3C16392F27}.Debug|x86.Deploy.0 = Debug|Any CPU
		{E3A9E7C1-025E-4FB7-8A68-8C3C16392F27}.Release|Any CPU.ActiveCfg = Release|Any CPU
		{E3A9E7C1-025E-4FB7-8A68-8C3C16392F27}.Release|Any CPU.Build.0 = Release|Any CPU
		{E3A9E7C1-025E-4FB7-8A68-8C3C16392F27}.Release|Any CPU.Deploy.0 = Release|Any CPU
		{E3A9E7C1-025E-4FB7-8A68-8C3C16392F27}.Release|ARM.ActiveCfg = Release|Any CPU
		{E3A9E7C1-025E-4FB7-8A68-8C3C16392F27}.Release|ARM.Build.0 = Release|Any CPU
		{E3A9E7C1-025E-4FB7-8A68-8C3C16392F27}.Release|ARM.Deploy.0 = Release|Any CPU
		{E3A9E7C1-025E-4FB7-8A68-8C3C16392F27}.Release|iPhone.ActiveCfg = Release|Any CPU
		{E3A9E7C1-025E-4FB7-8A68-8C3C16392F27}.Release|iPhone.Build.0 = Release|Any CPU
		{E3A9E7C1-025E-4FB7-8A68-8C3C16392F27}.Release|iPhone.Deploy.0 = Release|Any CPU
		{E3A9E7C1-025E-4FB7-8A68-8C3C16392F27}.Release|iPhoneSimulator.ActiveCfg = Release|Any CPU
		{E3A9E7C1-025E-4FB7-8A68-8C3C16392F27}.Release|iPhoneSimulator.Build.0 = Release|Any CPU
		{E3A9E7C1-025E-4FB7-8A68-8C3C16392F27}.Release|iPhoneSimulator.Deploy.0 = Release|Any CPU
		{E3A9E7C1-025E-4FB7-8A68-8C3C16392F27}.Release|x64.ActiveCfg = Release|Any CPU
		{E3A9E7C1-025E-4FB7-8A68-8C3C16392F27}.Release|x64.Build.0 = Release|Any CPU
		{E3A9E7C1-025E-4FB7-8A68-8C3C16392F27}.Release|x64.Deploy.0 = Release|Any CPU
		{E3A9E7C1-025E-4FB7-8A68-8C3C16392F27}.Release|x86.ActiveCfg = Release|Any CPU
		{E3A9E7C1-025E-4FB7-8A68-8C3C16392F27}.Release|x86.Build.0 = Release|Any CPU
		{E3A9E7C1-025E-4FB7-8A68-8C3C16392F27}.Release|x86.Deploy.0 = Release|Any CPU
		{F74F4DC1-2AE6-42C3-B8FA-175D9337AE36}.Debug|Any CPU.ActiveCfg = Debug|iPhone
		{F74F4DC1-2AE6-42C3-B8FA-175D9337AE36}.Debug|Any CPU.Build.0 = Debug|iPhone
		{F74F4DC1-2AE6-42C3-B8FA-175D9337AE36}.Debug|Any CPU.Deploy.0 = Debug|iPhone
		{F74F4DC1-2AE6-42C3-B8FA-175D9337AE36}.Debug|ARM.ActiveCfg = Debug|iPhoneSimulator
		{F74F4DC1-2AE6-42C3-B8FA-175D9337AE36}.Debug|ARM.Build.0 = Debug|iPhoneSimulator
		{F74F4DC1-2AE6-42C3-B8FA-175D9337AE36}.Debug|ARM.Deploy.0 = Debug|iPhoneSimulator
		{F74F4DC1-2AE6-42C3-B8FA-175D9337AE36}.Debug|iPhone.ActiveCfg = Debug|iPhone
		{F74F4DC1-2AE6-42C3-B8FA-175D9337AE36}.Debug|iPhone.Build.0 = Debug|iPhone
		{F74F4DC1-2AE6-42C3-B8FA-175D9337AE36}.Debug|iPhone.Deploy.0 = Debug|iPhone
		{F74F4DC1-2AE6-42C3-B8FA-175D9337AE36}.Debug|iPhoneSimulator.ActiveCfg = Debug|iPhoneSimulator
		{F74F4DC1-2AE6-42C3-B8FA-175D9337AE36}.Debug|iPhoneSimulator.Build.0 = Debug|iPhoneSimulator
		{F74F4DC1-2AE6-42C3-B8FA-175D9337AE36}.Debug|iPhoneSimulator.Deploy.0 = Debug|iPhoneSimulator
		{F74F4DC1-2AE6-42C3-B8FA-175D9337AE36}.Debug|x64.ActiveCfg = Debug|iPhone
		{F74F4DC1-2AE6-42C3-B8FA-175D9337AE36}.Debug|x64.Build.0 = Debug|iPhone
		{F74F4DC1-2AE6-42C3-B8FA-175D9337AE36}.Debug|x64.Deploy.0 = Debug|iPhone
		{F74F4DC1-2AE6-42C3-B8FA-175D9337AE36}.Debug|x86.ActiveCfg = Debug|iPhone
		{F74F4DC1-2AE6-42C3-B8FA-175D9337AE36}.Debug|x86.Build.0 = Debug|iPhone
		{F74F4DC1-2AE6-42C3-B8FA-175D9337AE36}.Debug|x86.Deploy.0 = Debug|iPhone
		{F74F4DC1-2AE6-42C3-B8FA-175D9337AE36}.Release|Any CPU.ActiveCfg = Release|iPhone
		{F74F4DC1-2AE6-42C3-B8FA-175D9337AE36}.Release|Any CPU.Build.0 = Release|iPhone
		{F74F4DC1-2AE6-42C3-B8FA-175D9337AE36}.Release|Any CPU.Deploy.0 = Release|iPhone
		{F74F4DC1-2AE6-42C3-B8FA-175D9337AE36}.Release|ARM.ActiveCfg = Release|iPhone
		{F74F4DC1-2AE6-42C3-B8FA-175D9337AE36}.Release|ARM.Build.0 = Release|iPhone
		{F74F4DC1-2AE6-42C3-B8FA-175D9337AE36}.Release|ARM.Deploy.0 = Release|iPhone
		{F74F4DC1-2AE6-42C3-B8FA-175D9337AE36}.Release|iPhone.ActiveCfg = Release|iPhone
		{F74F4DC1-2AE6-42C3-B8FA-175D9337AE36}.Release|iPhone.Build.0 = Release|iPhone
		{F74F4DC1-2AE6-42C3-B8FA-175D9337AE36}.Release|iPhone.Deploy.0 = Release|iPhone
		{F74F4DC1-2AE6-42C3-B8FA-175D9337AE36}.Release|iPhoneSimulator.ActiveCfg = Release|iPhoneSimulator
		{F74F4DC1-2AE6-42C3-B8FA-175D9337AE36}.Release|iPhoneSimulator.Build.0 = Release|iPhoneSimulator
		{F74F4DC1-2AE6-42C3-B8FA-175D9337AE36}.Release|iPhoneSimulator.Deploy.0 = Release|iPhoneSimulator
		{F74F4DC1-2AE6-42C3-B8FA-175D9337AE36}.Release|x64.ActiveCfg = Release|iPhone
		{F74F4DC1-2AE6-42C3-B8FA-175D9337AE36}.Release|x64.Build.0 = Release|iPhone
		{F74F4DC1-2AE6-42C3-B8FA-175D9337AE36}.Release|x64.Deploy.0 = Release|iPhone
		{F74F4DC1-2AE6-42C3-B8FA-175D9337AE36}.Release|x86.ActiveCfg = Release|iPhone
		{F74F4DC1-2AE6-42C3-B8FA-175D9337AE36}.Release|x86.Build.0 = Release|iPhone
		{F74F4DC1-2AE6-42C3-B8FA-175D9337AE36}.Release|x86.Deploy.0 = Release|iPhone
		{A6C29783-1817-40CE-AF0B-F0E6159C598D}.Debug|Any CPU.ActiveCfg = Debug|Any CPU
		{A6C29783-1817-40CE-AF0B-F0E6159C598D}.Debug|Any CPU.Build.0 = Debug|Any CPU
		{A6C29783-1817-40CE-AF0B-F0E6159C598D}.Debug|Any CPU.Deploy.0 = Debug|Any CPU
		{A6C29783-1817-40CE-AF0B-F0E6159C598D}.Debug|ARM.ActiveCfg = Debug|Any CPU
		{A6C29783-1817-40CE-AF0B-F0E6159C598D}.Debug|ARM.Build.0 = Debug|Any CPU
		{A6C29783-1817-40CE-AF0B-F0E6159C598D}.Debug|ARM.Deploy.0 = Debug|Any CPU
		{A6C29783-1817-40CE-AF0B-F0E6159C598D}.Debug|iPhone.ActiveCfg = Debug|Any CPU
		{A6C29783-1817-40CE-AF0B-F0E6159C598D}.Debug|iPhone.Build.0 = Debug|Any CPU
		{A6C29783-1817-40CE-AF0B-F0E6159C598D}.Debug|iPhone.Deploy.0 = Debug|Any CPU
		{A6C29783-1817-40CE-AF0B-F0E6159C598D}.Debug|iPhoneSimulator.ActiveCfg = Debug|Any CPU
		{A6C29783-1817-40CE-AF0B-F0E6159C598D}.Debug|iPhoneSimulator.Build.0 = Debug|Any CPU
		{A6C29783-1817-40CE-AF0B-F0E6159C598D}.Debug|iPhoneSimulator.Deploy.0 = Debug|Any CPU
		{A6C29783-1817-40CE-AF0B-F0E6159C598D}.Debug|x64.ActiveCfg = Debug|Any CPU
		{A6C29783-1817-40CE-AF0B-F0E6159C598D}.Debug|x64.Build.0 = Debug|Any CPU
		{A6C29783-1817-40CE-AF0B-F0E6159C598D}.Debug|x64.Deploy.0 = Debug|Any CPU
		{A6C29783-1817-40CE-AF0B-F0E6159C598D}.Debug|x86.ActiveCfg = Debug|Any CPU
		{A6C29783-1817-40CE-AF0B-F0E6159C598D}.Debug|x86.Build.0 = Debug|Any CPU
		{A6C29783-1817-40CE-AF0B-F0E6159C598D}.Debug|x86.Deploy.0 = Debug|Any CPU
		{A6C29783-1817-40CE-AF0B-F0E6159C598D}.Release|Any CPU.ActiveCfg = Release|Any CPU
		{A6C29783-1817-40CE-AF0B-F0E6159C598D}.Release|Any CPU.Build.0 = Release|Any CPU
		{A6C29783-1817-40CE-AF0B-F0E6159C598D}.Release|Any CPU.Deploy.0 = Release|Any CPU
		{A6C29783-1817-40CE-AF0B-F0E6159C598D}.Release|ARM.ActiveCfg = Release|Any CPU
		{A6C29783-1817-40CE-AF0B-F0E6159C598D}.Release|ARM.Build.0 = Release|Any CPU
		{A6C29783-1817-40CE-AF0B-F0E6159C598D}.Release|ARM.Deploy.0 = Release|Any CPU
		{A6C29783-1817-40CE-AF0B-F0E6159C598D}.Release|iPhone.ActiveCfg = Release|Any CPU
		{A6C29783-1817-40CE-AF0B-F0E6159C598D}.Release|iPhone.Build.0 = Release|Any CPU
		{A6C29783-1817-40CE-AF0B-F0E6159C598D}.Release|iPhone.Deploy.0 = Release|Any CPU
		{A6C29783-1817-40CE-AF0B-F0E6159C598D}.Release|iPhoneSimulator.ActiveCfg = Release|Any CPU
		{A6C29783-1817-40CE-AF0B-F0E6159C598D}.Release|iPhoneSimulator.Build.0 = Release|Any CPU
		{A6C29783-1817-40CE-AF0B-F0E6159C598D}.Release|iPhoneSimulator.Deploy.0 = Release|Any CPU
		{A6C29783-1817-40CE-AF0B-F0E6159C598D}.Release|x64.ActiveCfg = Release|Any CPU
		{A6C29783-1817-40CE-AF0B-F0E6159C598D}.Release|x64.Build.0 = Release|Any CPU
		{A6C29783-1817-40CE-AF0B-F0E6159C598D}.Release|x64.Deploy.0 = Release|Any CPU
		{A6C29783-1817-40CE-AF0B-F0E6159C598D}.Release|x86.ActiveCfg = Release|Any CPU
		{A6C29783-1817-40CE-AF0B-F0E6159C598D}.Release|x86.Build.0 = Release|Any CPU
		{A6C29783-1817-40CE-AF0B-F0E6159C598D}.Release|x86.Deploy.0 = Release|Any CPU
	EndGlobalSection
	GlobalSection(SolutionProperties) = preSolution
		HideSolutionNode = FALSE
	EndGlobalSection
	GlobalSection(ExtensibilityGlobals) = postSolution
		SolutionGuid = {23CE11CA-ADF2-4DF3-BE42-6FEC2E2D0016}
	EndGlobalSection
EndGlobal
